
Microsoft Visual Studio Solution File, Format Version 12.00
# Visual Studio Version 17
VisualStudioVersion = 17.5.33627.172
MinimumVisualStudioVersion = 10.0.40219.1
Project("{FAE04EC0-301F-11D3-BF4B-00C04F79EFBC}") = "mant_xrppos", "mant_xrppos\mant_xrppos.csproj", "{16024D7E-EE22-4DC4-8CC4-9C0A3594BF10}"
EndProject
Global
	GlobalSection(SolutionConfigurationPlatforms) = preSolution
		Debug|Any CPU = Debug|Any CPU
		Release|Any CPU = Release|Any CPU
	EndGlobalSection
	GlobalSection(ProjectConfigurationPlatforms) = postSolution
		{16024D7E-EE22-4DC4-8CC4-9C0A3594BF10}.Debug|Any CPU.ActiveCfg = Debug|Any CPU
		{16024D7E-EE22-4DC4-8CC4-9C0A3594BF10}.Debug|Any CPU.Build.0 = Debug|Any CPU
		{16024D7E-EE22-4DC4-8CC4-9C0A3594BF10}.Release|Any CPU.ActiveCfg = Release|Any CPU
		{16024D7E-EE22-4DC4-8CC4-9C0A3594BF10}.Release|Any CPU.Build.0 = Release|Any CPU
	EndGlobalSection
	GlobalSection(SolutionProperties) = preSolution
		HideSolutionNode = FALSE
	EndGlobalSection
	GlobalSection(ExtensibilityGlobals) = postSolution
		SolutionGuid = {3389DD71-0AC3-45B5-B626-3E113AC2BD2B}
	EndGlobalSection
EndGlobal
